
Microsoft Visual Studio Solution File, Format Version 12.00
# Visual Studio 15
VisualStudioVersion = 15.0.28307.539
MinimumVisualStudioVersion = 10.0.40219.1
Project("{FAE04EC0-301F-11D3-BF4B-00C04F79EFBC}") = "Eventop.Android", "Eventop\Eventop.Android\Eventop.Android.csproj", "{FBDB290E-E120-4AC8-83AB-331628006376}"
EndProject
Project("{FAE04EC0-301F-11D3-BF4B-00C04F79EFBC}") = "Eventop.iOS", "Eventop\Eventop.iOS\Eventop.iOS.csproj", "{A6EB4CC1-D5E0-4D02-A905-0D00499DB6B4}"
EndProject
Project("{FAE04EC0-301F-11D3-BF4B-00C04F79EFBC}") = "Eventop", "Eventop\Eventop\Eventop.csproj", "{D6D27595-479F-46AC-A5AF-FD6DDADA225F}"
EndProject
Global
	GlobalSection(SolutionConfigurationPlatforms) = preSolution
		Debug|Any CPU = Debug|Any CPU
		Debug|iPhone = Debug|iPhone
		Debug|iPhoneSimulator = Debug|iPhoneSimulator
		Release|Any CPU = Release|Any CPU
		Release|iPhone = Release|iPhone
		Release|iPhoneSimulator = Release|iPhoneSimulator
	EndGlobalSection
	GlobalSection(ProjectConfigurationPlatforms) = postSolution
		{FBDB290E-E120-4AC8-83AB-331628006376}.Debug|Any CPU.ActiveCfg = Debug|Any CPU
		{FBDB290E-E120-4AC8-83AB-331628006376}.Debug|Any CPU.Build.0 = Debug|Any CPU
		{FBDB290E-E120-4AC8-83AB-331628006376}.Debug|Any CPU.Deploy.0 = Debug|Any CPU
		{FBDB290E-E120-4AC8-83AB-331628006376}.Debug|iPhone.ActiveCfg = Debug|Any CPU
		{FBDB290E-E120-4AC8-83AB-331628006376}.Debug|iPhone.Build.0 = Debug|Any CPU
		{FBDB290E-E120-4AC8-83AB-331628006376}.Debug|iPhone.Deploy.0 = Debug|Any CPU
		{FBDB290E-E120-4AC8-83AB-331628006376}.Debug|iPhoneSimulator.ActiveCfg = Debug|Any CPU
		{FBDB290E-E120-4AC8-83AB-331628006376}.Debug|iPhoneSimulator.Build.0 = Debug|Any CPU
		{FBDB290E-E120-4AC8-83AB-331628006376}.Debug|iPhoneSimulator.Deploy.0 = Debug|Any CPU
		{FBDB290E-E120-4AC8-83AB-331628006376}.Release|Any CPU.ActiveCfg = Release|Any CPU
		{FBDB290E-E120-4AC8-83AB-331628006376}.Release|Any CPU.Build.0 = Release|Any CPU
		{FBDB290E-E120-4AC8-83AB-331628006376}.Release|Any CPU.Deploy.0 = Release|Any CPU
		{FBDB290E-E120-4AC8-83AB-331628006376}.Release|iPhone.ActiveCfg = Release|Any CPU
		{FBDB290E-E120-4AC8-83AB-331628006376}.Release|iPhone.Build.0 = Release|Any CPU
		{FBDB290E-E120-4AC8-83AB-331628006376}.Release|iPhone.Deploy.0 = Release|Any CPU
		{FBDB290E-E120-4AC8-83AB-331628006376}.Release|iPhoneSimulator.ActiveCfg = Release|Any CPU
		{FBDB290E-E120-4AC8-83AB-331628006376}.Release|iPhoneSimulator.Build.0 = Release|Any CPU
		{FBDB290E-E120-4AC8-83AB-331628006376}.Release|iPhoneSimulator.Deploy.0 = Release|Any CPU
		{A6EB4CC1-D5E0-4D02-A905-0D00499DB6B4}.Debug|Any CPU.ActiveCfg = Debug|iPhoneSimulator
		{A6EB4CC1-D5E0-4D02-A905-0D00499DB6B4}.Debug|Any CPU.Build.0 = Debug|iPhoneSimulator
		{A6EB4CC1-D5E0-4D02-A905-0D00499DB6B4}.Debug|Any CPU.Deploy.0 = Debug|iPhoneSimulator
		{A6EB4CC1-D5E0-4D02-A905-0D00499DB6B4}.Debug|iPhone.ActiveCfg = Debug|iPhone
		{A6EB4CC1-D5E0-4D02-A905-0D00499DB6B4}.Debug|iPhone.Build.0 = Debug|iPhone
		{A6EB4CC1-D5E0-4D02-A905-0D00499DB6B4}.Debug|iPhone.Deploy.0 = Debug|iPhone
		{A6EB4CC1-D5E0-4D02-A905-0D00499DB6B4}.Debug|iPhoneSimulator.ActiveCfg = Debug|iPhoneSimulator
		{A6EB4CC1-D5E0-4D02-A905-0D00499DB6B4}.Debug|iPhoneSimulator.Build.0 = Debug|iPhoneSimulator
		{A6EB4CC1-D5E0-4D02-A905-0D00499DB6B4}.Debug|iPhoneSimulator.Deploy.0 = Debug|iPhoneSimulator
		{A6EB4CC1-D5E0-4D02-A905-0D00499DB6B4}.Release|Any CPU.ActiveCfg = Release|iPhone
		{A6EB4CC1-D5E0-4D02-A905-0D00499DB6B4}.Release|Any CPU.Build.0 = Release|iPhone
		{A6EB4CC1-D5E0-4D02-A905-0D00499DB6B4}.Release|Any CPU.Deploy.0 = Release|iPhone
		{A6EB4CC1-D5E0-4D02-A905-0D00499DB6B4}.Release|iPhone.ActiveCfg = Release|iPhone
		{A6EB4CC1-D5E0-4D02-A905-0D00499DB6B4}.Release|iPhone.Build.0 = Release|iPhone
		{A6EB4CC1-D5E0-4D02-A905-0D00499DB6B4}.Release|iPhone.Deploy.0 = Release|iPhone
		{A6EB4CC1-D5E0-4D02-A905-0D00499DB6B4}.Release|iPhoneSimulator.ActiveCfg = Release|iPhoneSimulator
		{A6EB4CC1-D5E0-4D02-A905-0D00499DB6B4}.Release|iPhoneSimulator.Build.0 = Release|iPhoneSimulator
		{A6EB4CC1-D5E0-4D02-A905-0D00499DB6B4}.Release|iPhoneSimulator.Deploy.0 = Release|iPhoneSimulator
		{D6D27595-479F-46AC-A5AF-FD6DDADA225F}.Debug|Any CPU.ActiveCfg = Debug|Any CPU
		{D6D27595-479F-46AC-A5AF-FD6DDADA225F}.Debug|Any CPU.Build.0 = Debug|Any CPU
		{D6D27595-479F-46AC-A5AF-FD6DDADA225F}.Debug|Any CPU.Deploy.0 = Debug|Any CPU
		{D6D27595-479F-46AC-A5AF-FD6DDADA225F}.Debug|iPhone.ActiveCfg = Debug|Any CPU
		{D6D27595-479F-46AC-A5AF-FD6DDADA225F}.Debug|iPhone.Build.0 = Debug|Any CPU
		{D6D27595-479F-46AC-A5AF-FD6DDADA225F}.Debug|iPhone.Deploy.0 = Debug|Any CPU
		{D6D27595-479F-46AC-A5AF-FD6DDADA225F}.Debug|iPhoneSimulator.ActiveCfg = Debug|Any CPU
		{D6D27595-479F-46AC-A5AF-FD6DDADA225F}.Debug|iPhoneSimulator.Build.0 = Debug|Any CPU
		{D6D27595-479F-46AC-A5AF-FD6DDADA225F}.Debug|iPhoneSimulator.Deploy.0 = Debug|Any CPU
		{D6D27595-479F-46AC-A5AF-FD6DDADA225F}.Release|Any CPU.ActiveCfg = Release|Any CPU
		{D6D27595-479F-46AC-A5AF-FD6DDADA225F}.Release|Any CPU.Build.0 = Release|Any CPU
		{D6D27595-479F-46AC-A5AF-FD6DDADA225F}.Release|Any CPU.Deploy.0 = Release|Any CPU
		{D6D27595-479F-46AC-A5AF-FD6DDADA225F}.Release|iPhone.ActiveCfg = Release|Any CPU
		{D6D27595-479F-46AC-A5AF-FD6DDADA225F}.Release|iPhone.Build.0 = Release|Any CPU
		{D6D27595-479F-46AC-A5AF-FD6DDADA225F}.Release|iPhone.Deploy.0 = Release|Any CPU
		{D6D27595-479F-46AC-A5AF-FD6DDADA225F}.Release|iPhoneSimulator.ActiveCfg = Release|Any CPU
		{D6D27595-479F-46AC-A5AF-FD6DDADA225F}.Release|iPhoneSimulator.Build.0 = Release|Any CPU
		{D6D27595-479F-46AC-A5AF-FD6DDADA225F}.Release|iPhoneSimulator.Deploy.0 = Release|Any CPU
	EndGlobalSection
	GlobalSection(SolutionProperties) = preSolution
		HideSolutionNode = FALSE
	EndGlobalSection
	GlobalSection(ExtensibilityGlobals) = postSolution
		SolutionGuid = {F09134CA-245D-4384-BD15-64319C084708}
	EndGlobalSection
EndGlobal
